
Microsoft Visual Studio Solution File, Format Version 12.00
# Visual Studio Version 16
VisualStudioVersion = 16.0.31025.194
MinimumVisualStudioVersion = 10.0.40219.1
Project("{2150E333-8FDC-42A3-9474-1A3956D46DE8}") = "Web", "Web", "{78B399C3-A433-44DD-8758-F5070E833070}"
EndProject
Project("{9A19103F-16F7-4668-BE54-9A1E7A4F7556}") = "Web.Admin", "Web.Admin\Web.Admin.csproj", "{28F391C2-975E-483D-B933-772EC44027FC}"
EndProject
Project("{2150E333-8FDC-42A3-9474-1A3956D46DE8}") = "Core", "Core", "{AFF7F26A-EE79-46C7-92C3-B7C6385EC4F6}"
EndProject
Project("{2150E333-8FDC-42A3-9474-1A3956D46DE8}") = "Data", "Data", "{E6EEE91E-F003-4CFA-89D2-5D8E7B6A9C7A}"
EndProject
Project("{2150E333-8FDC-42A3-9474-1A3956D46DE8}") = "Model", "Model", "{1B4510EC-F694-4025-AF88-94A67475BE1E}"
EndProject
Project("{2150E333-8FDC-42A3-9474-1A3956D46DE8}") = "Repository", "Repository", "{F3F09789-C775-4AF7-8A82-DE7A57CF54C1}"
EndProject
Project("{2150E333-8FDC-42A3-9474-1A3956D46DE8}") = "Service", "Service", "{7A057DB7-46A5-48EC-90EE-CF307134FC1C}"
EndProject
Project("{9A19103F-16F7-4668-BE54-9A1E7A4F7556}") = "XAdmin.Common", "XAdmin.Common\XAdmin.Common.csproj", "{9A91644C-67DB-4ECC-92D0-DC3ADE51CC98}"
EndProject
Project("{9A19103F-16F7-4668-BE54-9A1E7A4F7556}") = "XAdmin.SqlSugar", "XAdmin.SqlSugar\XAdmin.SqlSugar.csproj", "{F9618643-5CBE-4891-BA06-871DDA79C861}"
EndProject
Project("{9A19103F-16F7-4668-BE54-9A1E7A4F7556}") = "XAdmin.Model", "XAdmin.Model\XAdmin.Model.csproj", "{66E59F16-822B-4EC5-84E9-814948199C5B}"
EndProject
Project("{9A19103F-16F7-4668-BE54-9A1E7A4F7556}") = "XAdmin.Repository", "XAdmin.Repository\XAdmin.Repository.csproj", "{A451EB4B-21B1-401D-9832-B9CE481BD699}"
EndProject
Project("{9A19103F-16F7-4668-BE54-9A1E7A4F7556}") = "XAdmin.IRepository", "XAdmin.IRepository\XAdmin.IRepository.csproj", "{9597874A-E442-44A5-A837-36FC163EF96F}"
EndProject
Project("{9A19103F-16F7-4668-BE54-9A1E7A4F7556}") = "XAdmin.IService", "XAdmin.IService\XAdmin.IService.csproj", "{74C1BA17-F9CD-4F1E-B8A9-03AB844A627F}"
EndProject
Project("{9A19103F-16F7-4668-BE54-9A1E7A4F7556}") = "XAdmin.Service", "XAdmin.Service\XAdmin.Service.csproj", "{EE63C719-DE24-4DF3-B00B-B19B2187D5BB}"
EndProject
Project("{9A19103F-16F7-4668-BE54-9A1E7A4F7556}") = "Web.Api", "Web.Api\Web.Api.csproj", "{60953252-16B9-426C-A4E7-A2573D0607EA}"
EndProject
Project("{9A19103F-16F7-4668-BE54-9A1E7A4F7556}") = "Web.Site", "Web.Site\Web.Site.csproj", "{502B0262-2DC4-4F44-8A56-2442E849D1DE}"
EndProject
Global
	GlobalSection(SolutionConfigurationPlatforms) = preSolution
		Debug|Any CPU = Debug|Any CPU
		Release|Any CPU = Release|Any CPU
	EndGlobalSection
	GlobalSection(ProjectConfigurationPlatforms) = postSolution
		{28F391C2-975E-483D-B933-772EC44027FC}.Debug|Any CPU.ActiveCfg = Debug|Any CPU
		{28F391C2-975E-483D-B933-772EC44027FC}.Debug|Any CPU.Build.0 = Debug|Any CPU
		{28F391C2-975E-483D-B933-772EC44027FC}.Release|Any CPU.ActiveCfg = Release|Any CPU
		{28F391C2-975E-483D-B933-772EC44027FC}.Release|Any CPU.Build.0 = Release|Any CPU
		{9A91644C-67DB-4ECC-92D0-DC3ADE51CC98}.Debug|Any CPU.ActiveCfg = Debug|Any CPU
		{9A91644C-67DB-4ECC-92D0-DC3ADE51CC98}.Debug|Any CPU.Build.0 = Debug|Any CPU
		{9A91644C-67DB-4ECC-92D0-DC3ADE51CC98}.Release|Any CPU.ActiveCfg = Release|Any CPU
		{9A91644C-67DB-4ECC-92D0-DC3ADE51CC98}.Release|Any CPU.Build.0 = Release|Any CPU
		{F9618643-5CBE-4891-BA06-871DDA79C861}.Debug|Any CPU.ActiveCfg = Debug|Any CPU
		{F9618643-5CBE-4891-BA06-871DDA79C861}.Debug|Any CPU.Build.0 = Debug|Any CPU
		{F9618643-5CBE-4891-BA06-871DDA79C861}.Release|Any CPU.ActiveCfg = Release|Any CPU
		{F9618643-5CBE-4891-BA06-871DDA79C861}.Release|Any CPU.Build.0 = Release|Any CPU
		{66E59F16-822B-4EC5-84E9-814948199C5B}.Debug|Any CPU.ActiveCfg = Debug|Any CPU
		{66E59F16-822B-4EC5-84E9-814948199C5B}.Debug|Any CPU.Build.0 = Debug|Any CPU
		{66E59F16-822B-4EC5-84E9-814948199C5B}.Release|Any CPU.ActiveCfg = Release|Any CPU
		{66E59F16-822B-4EC5-84E9-814948199C5B}.Release|Any CPU.Build.0 = Release|Any CPU
		{A451EB4B-21B1-401D-9832-B9CE481BD699}.Debug|Any CPU.ActiveCfg = Debug|Any CPU
		{A451EB4B-21B1-401D-9832-B9CE481BD699}.Debug|Any CPU.Build.0 = Debug|Any CPU
		{A451EB4B-21B1-401D-9832-B9CE481BD699}.Release|Any CPU.ActiveCfg = Release|Any CPU
		{A451EB4B-21B1-401D-9832-B9CE481BD699}.Release|Any CPU.Build.0 = Release|Any CPU
		{9597874A-E442-44A5-A837-36FC163EF96F}.Debug|Any CPU.ActiveCfg = Debug|Any CPU
		{9597874A-E442-44A5-A837-36FC163EF96F}.Debug|Any CPU.Build.0 = Debug|Any CPU
		{9597874A-E442-44A5-A837-36FC163EF96F}.Release|Any CPU.ActiveCfg = Release|Any CPU
		{9597874A-E442-44A5-A837-36FC163EF96F}.Release|Any CPU.Build.0 = Release|Any CPU
		{74C1BA17-F9CD-4F1E-B8A9-03AB844A627F}.Debug|Any CPU.ActiveCfg = Debug|Any CPU
		{74C1BA17-F9CD-4F1E-B8A9-03AB844A627F}.Debug|Any CPU.Build.0 = Debug|Any CPU
		{74C1BA17-F9CD-4F1E-B8A9-03AB844A627F}.Release|Any CPU.ActiveCfg = Release|Any CPU
		{74C1BA17-F9CD-4F1E-B8A9-03AB844A627F}.Release|Any CPU.Build.0 = Release|Any CPU
		{EE63C719-DE24-4DF3-B00B-B19B2187D5BB}.Debug|Any CPU.ActiveCfg = Debug|Any CPU
		{EE63C719-DE24-4DF3-B00B-B19B2187D5BB}.Debug|Any CPU.Build.0 = Debug|Any CPU
		{EE63C719-DE24-4DF3-B00B-B19B2187D5BB}.Release|Any CPU.ActiveCfg = Release|Any CPU
		{EE63C719-DE24-4DF3-B00B-B19B2187D5BB}.Release|Any CPU.Build.0 = Release|Any CPU
		{60953252-16B9-426C-A4E7-A2573D0607EA}.Debug|Any CPU.ActiveCfg = Debug|Any CPU
		{60953252-16B9-426C-A4E7-A2573D0607EA}.Debug|Any CPU.Build.0 = Debug|Any CPU
		{60953252-16B9-426C-A4E7-A2573D0607EA}.Release|Any CPU.ActiveCfg = Release|Any CPU
		{60953252-16B9-426C-A4E7-A2573D0607EA}.Release|Any CPU.Build.0 = Release|Any CPU
		{502B0262-2DC4-4F44-8A56-2442E849D1DE}.Debug|Any CPU.ActiveCfg = Debug|Any CPU
		{502B0262-2DC4-4F44-8A56-2442E849D1DE}.Debug|Any CPU.Build.0 = Debug|Any CPU
		{502B0262-2DC4-4F44-8A56-2442E849D1DE}.Release|Any CPU.ActiveCfg = Release|Any CPU
		{502B0262-2DC4-4F44-8A56-2442E849D1DE}.Release|Any CPU.Build.0 = Release|Any CPU
	EndGlobalSection
	GlobalSection(SolutionProperties) = preSolution
		HideSolutionNode = FALSE
	EndGlobalSection
	GlobalSection(NestedProjects) = preSolution
		{28F391C2-975E-483D-B933-772EC44027FC} = {78B399C3-A433-44DD-8758-F5070E833070}
		{9A91644C-67DB-4ECC-92D0-DC3ADE51CC98} = {AFF7F26A-EE79-46C7-92C3-B7C6385EC4F6}
		{F9618643-5CBE-4891-BA06-871DDA79C861} = {E6EEE91E-F003-4CFA-89D2-5D8E7B6A9C7A}
		{66E59F16-822B-4EC5-84E9-814948199C5B} = {1B4510EC-F694-4025-AF88-94A67475BE1E}
		{A451EB4B-21B1-401D-9832-B9CE481BD699} = {F3F09789-C775-4AF7-8A82-DE7A57CF54C1}
		{9597874A-E442-44A5-A837-36FC163EF96F} = {F3F09789-C775-4AF7-8A82-DE7A57CF54C1}
		{74C1BA17-F9CD-4F1E-B8A9-03AB844A627F} = {7A057DB7-46A5-48EC-90EE-CF307134FC1C}
		{EE63C719-DE24-4DF3-B00B-B19B2187D5BB} = {7A057DB7-46A5-48EC-90EE-CF307134FC1C}
		{60953252-16B9-426C-A4E7-A2573D0607EA} = {78B399C3-A433-44DD-8758-F5070E833070}
		{502B0262-2DC4-4F44-8A56-2442E849D1DE} = {78B399C3-A433-44DD-8758-F5070E833070}
	EndGlobalSection
	GlobalSection(ExtensibilityGlobals) = postSolution
		SolutionGuid = {B3AC8D98-4080-40FB-AC09-9509C1AED55C}
	EndGlobalSection
EndGlobal
